
Microsoft Visual Studio Solution File, Format Version 12.00
# Visual Studio Version 17
VisualStudioVersion = 17.14.36705.20 d17.14
MinimumVisualStudioVersion = 10.0.40219.1
Project("{FAE04EC0-301F-11D3-BF4B-00C04F79EFBC}") = "YTA", "YTA.csproj", "{650F7549-BF0F-4740-B497-D44028BAF504}"
EndProject
Global
	GlobalSection(SolutionConfigurationPlatforms) = preSolution
		Debug|Any CPU = Debug|Any CPU
		Release|Any CPU = Release|Any CPU
	EndGlobalSection
	GlobalSection(ProjectConfigurationPlatforms) = postSolution
		{650F7549-BF0F-4740-B497-D44028BAF504}.Debug|Any CPU.ActiveCfg = Debug|Any CPU
		{650F7549-BF0F-4740-B497-D44028BAF504}.Debug|Any CPU.Build.0 = Debug|Any CPU
		{650F7549-BF0F-4740-B497-D44028BAF504}.Release|Any CPU.ActiveCfg = Release|Any CPU
		{650F7549-BF0F-4740-B497-D44028BAF504}.Release|Any CPU.Build.0 = Release|Any CPU
	EndGlobalSection
	GlobalSection(SolutionProperties) = preSolution
		HideSolutionNode = FALSE
	EndGlobalSection
	GlobalSection(ExtensibilityGlobals) = postSolution
		SolutionGuid = {EC2B29D4-186F-4C42-947B-8DF607E5A68E}
	EndGlobalSection
EndGlobal
